
Microsoft Visual Studio Solution File, Format Version 12.00
# Visual Studio Version 16
VisualStudioVersion = 16.0.30907.101
MinimumVisualStudioVersion = 10.0.40219.1
Project("{FAE04EC0-301F-11D3-BF4B-00C04F79EFBC}") = "SecondExercise", "SecondExercise\SecondExercise.csproj", "{24E2A8FB-5DFA-4FDD-AA61-004B897327FC}"
EndProject
Global
	GlobalSection(SolutionConfigurationPlatforms) = preSolution
		Debug|Any CPU = Debug|Any CPU
		Release|Any CPU = Release|Any CPU
	EndGlobalSection
	GlobalSection(ProjectConfigurationPlatforms) = postSolution
		{24E2A8FB-5DFA-4FDD-AA61-004B897327FC}.Debug|Any CPU.ActiveCfg = Debug|Any CPU
		{24E2A8FB-5DFA-4FDD-AA61-004B897327FC}.Debug|Any CPU.Build.0 = Debug|Any CPU
		{24E2A8FB-5DFA-4FDD-AA61-004B897327FC}.Release|Any CPU.ActiveCfg = Release|Any CPU
		{24E2A8FB-5DFA-4FDD-AA61-004B897327FC}.Release|Any CPU.Build.0 = Release|Any CPU
	EndGlobalSection
	GlobalSection(SolutionProperties) = preSolution
		HideSolutionNode = FALSE
	EndGlobalSection
	GlobalSection(ExtensibilityGlobals) = postSolution
		SolutionGuid = {C1FC6930-2D24-4CFD-8C3C-05CB7C19E5B5}
	EndGlobalSection
EndGlobal
